
Microsoft Visual Studio Solution File, Format Version 12.00
# Visual Studio Version 17
VisualStudioVersion = 17.4.33205.214
MinimumVisualStudioVersion = 10.0.40219.1
Project("{FAE04EC0-301F-11D3-BF4B-00C04F79EFBC}") = "UtilityService", "src\UtilityService\UtilityService.csproj", "{7B1E75F8-2106-4D4B-BC9A-5A507EEB0BCC}"
EndProject
Global
	GlobalSection(SolutionConfigurationPlatforms) = preSolution
		Debug|Any CPU = Debug|Any CPU
		Release|Any CPU = Release|Any CPU
	EndGlobalSection
	GlobalSection(ProjectConfigurationPlatforms) = postSolution
		{7B1E75F8-2106-4D4B-BC9A-5A507EEB0BCC}.Debug|Any CPU.ActiveCfg = Debug|Any CPU
		{7B1E75F8-2106-4D4B-BC9A-5A507EEB0BCC}.Debug|Any CPU.Build.0 = Debug|Any CPU
		{7B1E75F8-2106-4D4B-BC9A-5A507EEB0BCC}.Release|Any CPU.ActiveCfg = Release|Any CPU
		{7B1E75F8-2106-4D4B-BC9A-5A507EEB0BCC}.Release|Any CPU.Build.0 = Release|Any CPU
	EndGlobalSection
	GlobalSection(SolutionProperties) = preSolution
		HideSolutionNode = FALSE
	EndGlobalSection
	GlobalSection(ExtensibilityGlobals) = postSolution
		SolutionGuid = {49588F92-52BA-4A36-B079-B98A5FCF5D23}
	EndGlobalSection
EndGlobal
